
Microsoft Visual Studio Solution File, Format Version 12.00
# Visual Studio Version 17
VisualStudioVersion = 17.3.32901.215
MinimumVisualStudioVersion = 10.0.40219.1
Project("{8BC9CEB8-8B4A-11D0-8D11-00A0C91BC942}") = "lab_6.2", "lab_6.2\lab_6.2.vcxproj", "{2446CEB9-D85F-4581-B0EE-D72F4CA43F46}"
EndProject
Project("{8BC9CEB8-8B4A-11D0-8D11-00A0C91BC942}") = "UnitTest1", "UnitTest1\UnitTest1.vcxproj", "{D07534C3-EF36-466C-9712-BD248F34DB19}"
EndProject
Global
	GlobalSection(SolutionConfigurationPlatforms) = preSolution
		Debug|x64 = Debug|x64
		Debug|x86 = Debug|x86
		Release|x64 = Release|x64
		Release|x86 = Release|x86
	EndGlobalSection
	GlobalSection(ProjectConfigurationPlatforms) = postSolution
		{2446CEB9-D85F-4581-B0EE-D72F4CA43F46}.Debug|x64.ActiveCfg = Debug|x64
		{2446CEB9-D85F-4581-B0EE-D72F4CA43F46}.Debug|x64.Build.0 = Debug|x64
		{2446CEB9-D85F-4581-B0EE-D72F4CA43F46}.Debug|x86.ActiveCfg = Debug|Win32
		{2446CEB9-D85F-4581-B0EE-D72F4CA43F46}.Debug|x86.Build.0 = Debug|Win32
		{2446CEB9-D85F-4581-B0EE-D72F4CA43F46}.Release|x64.ActiveCfg = Release|x64
		{2446CEB9-D85F-4581-B0EE-D72F4CA43F46}.Release|x64.Build.0 = Release|x64
		{2446CEB9-D85F-4581-B0EE-D72F4CA43F46}.Release|x86.ActiveCfg = Release|Win32
		{2446CEB9-D85F-4581-B0EE-D72F4CA43F46}.Release|x86.Build.0 = Release|Win32
		{D07534C3-EF36-466C-9712-BD248F34DB19}.Debug|x64.ActiveCfg = Debug|x64
		{D07534C3-EF36-466C-9712-BD248F34DB19}.Debug|x64.Build.0 = Debug|x64
		{D07534C3-EF36-466C-9712-BD248F34DB19}.Debug|x86.ActiveCfg = Debug|Win32
		{D07534C3-EF36-466C-9712-BD248F34DB19}.Debug|x86.Build.0 = Debug|Win32
		{D07534C3-EF36-466C-9712-BD248F34DB19}.Release|x64.ActiveCfg = Release|x64
		{D07534C3-EF36-466C-9712-BD248F34DB19}.Release|x64.Build.0 = Release|x64
		{D07534C3-EF36-466C-9712-BD248F34DB19}.Release|x86.ActiveCfg = Release|Win32
		{D07534C3-EF36-466C-9712-BD248F34DB19}.Release|x86.Build.0 = Release|Win32
	EndGlobalSection
	GlobalSection(SolutionProperties) = preSolution
		HideSolutionNode = FALSE
	EndGlobalSection
	GlobalSection(ExtensibilityGlobals) = postSolution
		SolutionGuid = {A00EEB71-CBED-4D0F-BAD7-1B7B80B97A11}
	EndGlobalSection
EndGlobal
